
Microsoft Visual Studio Solution File, Format Version 12.00
# Visual Studio Version 17
VisualStudioVersion = 17.1.32421.90
MinimumVisualStudioVersion = 10.0.40219.1
Project("{FAE04EC0-301F-11D3-BF4B-00C04F79EFBC}") = "PetInterfaces", "PetInterfaces\PetInterfaces.csproj", "{3AB1B714-233A-445F-9757-BAB2938639BC}"
EndProject
Global
	GlobalSection(SolutionConfigurationPlatforms) = preSolution
		Debug|Any CPU = Debug|Any CPU
		Release|Any CPU = Release|Any CPU
	EndGlobalSection
	GlobalSection(ProjectConfigurationPlatforms) = postSolution
		{3AB1B714-233A-445F-9757-BAB2938639BC}.Debug|Any CPU.ActiveCfg = Debug|Any CPU
		{3AB1B714-233A-445F-9757-BAB2938639BC}.Debug|Any CPU.Build.0 = Debug|Any CPU
		{3AB1B714-233A-445F-9757-BAB2938639BC}.Release|Any CPU.ActiveCfg = Release|Any CPU
		{3AB1B714-233A-445F-9757-BAB2938639BC}.Release|Any CPU.Build.0 = Release|Any CPU
	EndGlobalSection
	GlobalSection(SolutionProperties) = preSolution
		HideSolutionNode = FALSE
	EndGlobalSection
	GlobalSection(ExtensibilityGlobals) = postSolution
		SolutionGuid = {18E8CC99-9387-4C6D-A7DF-4954C149D335}
	EndGlobalSection
EndGlobal
